{
  "requires": true,
  "lockfileVersion": 1,
  "dependencies": {
    "dom-parser": {
      "version": "0.1.6",
      "resolved": "https://registry.npmjs.org/dom-parser/-/dom-parser-0.1.6.tgz",
      "integrity": "sha512-3nVRKbLEwmGfghLoeT1dxlK/0votalnOfasP+8VCHYDfDuCETY4LeMblfOeqww6XZk2ymZ1Uewy/hVad6Dy3yw=="
    },
    "he": {
      "version": "1.1.1",
      "resolved": "https://registry.npmjs.org/he/-/he-1.1.1.tgz",
      "integrity": "sha1-k0EP0hsAlzUVH4howvJx80J+I/0="
    },
    "node-html-parser": {
      "version": "1.2.19",
      "resolved": "https://registry.npmjs.org/node-html-parser/-/node-html-parser-1.2.19.tgz",
      "integrity": "sha512-MQvBz+qk7SbqNPp0c7hR0F8lRTPXK5n2tww4eFmXf+cXp5hZHtL5rJHlAWlcjzRep+T5Pd5lz3lqFgN7IFYEiw==",
      "requires": {
        "he": "1.1.1"
      }
    },
    "xmldom": {
      "version": "0.3.0",
      "resolved": "https://registry.npmjs.org/xmldom/-/xmldom-0.3.0.tgz",
      "integrity": "sha512-z9s6k3wxE+aZHgXYxSTpGDo7BYOUfJsIRyoZiX6HTjwpwfS2wpQBQKa2fD+ShLyPkqDYo5ud7KitmLZ2Cd6r0g=="
    }
  }
}
